# THIS IS AN AUTOGENERATED FILE. DO NOT EDIT THIS FILE DIRECTLY.
# yarn lockfile v1


"@esbuild/aix-ppc64@0.21.1":
  version "0.21.1"
  resolved "https://registry.yarnpkg.com/@esbuild/aix-ppc64/-/aix-ppc64-0.21.1.tgz#044268dc9ca4dc67f8d4aad8f51cfb894bfd7114"
  integrity sha512-O7yppwipkXvnEPjzkSXJRk2g4bS8sUx9p9oXHq9MU/U7lxUzZVsnFZMDTmeeX9bfQxrFcvOacl/ENgOh0WP9pA==

"@esbuild/android-arm64@0.21.1":
  version "0.21.1"
  resolved "https://registry.yarnpkg.com/@esbuild/android-arm64/-/android-arm64-0.21.1.tgz#76aacd934449e541f05b66d5ec8cbff96ec2ae81"
  integrity sha512-jXhccq6es+onw7x8MxoFnm820mz7sGa9J14kLADclmiEUH4fyj+FjR6t0M93RgtlI/awHWhtF0Wgfhqgf9gDZA==

"@esbuild/android-arm@0.21.1":
  version "0.21.1"
  resolved "https://registry.yarnpkg.com/@esbuild/android-arm/-/android-arm-0.21.1.tgz#8247c5aef933a212bca261290f6e43a9dca07cc5"
  integrity sha512-hh3jKWikdnTtHCglDAeVO3Oyh8MaH8xZUaWMiCCvJ9/c3NtPqZq+CACOlGTxhddypXhl+8B45SeceYBfB/e8Ow==

"@esbuild/android-x64@0.21.1":
  version "0.21.1"
  resolved "https://registry.yarnpkg.com/@esbuild/android-x64/-/android-x64-0.21.1.tgz#80cbfa35412299edefbc4ab78064f0b66e448008"
  integrity sha512-NPObtlBh4jQHE01gJeucqEhdoD/4ya2owSIS8lZYS58aR0x7oZo9lB2lVFxgTANSa5MGCBeoQtr+yA9oKCGPvA==

"@esbuild/darwin-arm64@0.21.1":
  version "0.21.1"
  resolved "https://registry.yarnpkg.com/@esbuild/darwin-arm64/-/darwin-arm64-0.21.1.tgz#154167fb9e54017dac4b343f8e5e25c9d9324036"
  integrity sha512-BLT7TDzqsVlQRmJfO/FirzKlzmDpBWwmCUlyggfzUwg1cAxVxeA4O6b1XkMInlxISdfPAOunV9zXjvh5x99Heg==

"@esbuild/darwin-x64@0.21.1":
  version "0.21.1"
  resolved "https://registry.yarnpkg.com/@esbuild/darwin-x64/-/darwin-x64-0.21.1.tgz#db971502c9fa204906b89e489810c902bf6d9afb"
  integrity sha512-D3h3wBQmeS/vp93O4B+SWsXB8HvRDwMyhTNhBd8yMbh5wN/2pPWRW5o/hM3EKgk9bdKd9594lMGoTCTiglQGRQ==

"@esbuild/freebsd-arm64@0.21.1":
  version "0.21.1"
  resolved "https://registry.yarnpkg.com/@esbuild/freebsd-arm64/-/freebsd-arm64-0.21.1.tgz#f0f3bc20c23af999bd696099a324dceb66d77761"
  integrity sha512-/uVdqqpNKXIxT6TyS/oSK4XE4xWOqp6fh4B5tgAwozkyWdylcX+W4YF2v6SKsL4wCQ5h1bnaSNjWPXG/2hp8AQ==

"@esbuild/freebsd-x64@0.21.1":
  version "0.21.1"
  resolved "https://registry.yarnpkg.com/@esbuild/freebsd-x64/-/freebsd-x64-0.21.1.tgz#d36af9085edb34244b41e5a57640e6b4452cbec2"
  integrity sha512-paAkKN1n1jJitw+dAoR27TdCzxRl1FOEITx3h201R6NoXUojpMzgMLdkXVgCvaCSCqwYkeGLoe9UVNRDKSvQgw==

"@esbuild/linux-arm64@0.21.1":
  version "0.21.1"
  resolved "https://registry.yarnpkg.com/@esbuild/linux-arm64/-/linux-arm64-0.21.1.tgz#9d2ad42eea33b2a9571f13e7ecc39ee9d3ff0c6d"
  integrity sha512-G65d08YoH00TL7Xg4LaL3gLV21bpoAhQ+r31NUu013YB7KK0fyXIt05VbsJtpqh/6wWxoLJZOvQHYnodRrnbUQ==

"@esbuild/linux-arm@0.21.1":
  version "0.21.1"
  resolved "https://registry.yarnpkg.com/@esbuild/linux-arm/-/linux-arm-0.21.1.tgz#d6f7c5873479dd97148bef3e3a7f09d486642883"
  integrity sha512-tRHnxWJnvNnDpNVnsyDhr1DIQZUfCXlHSCDohbXFqmg9W4kKR7g8LmA3kzcwbuxbRMKeit8ladnCabU5f2traA==

"@esbuild/linux-ia32@0.21.1":
  version "0.21.1"
  resolved "https://registry.yarnpkg.com/@esbuild/linux-ia32/-/linux-ia32-0.21.1.tgz#8f2aef34a31c8d16dbce0b8679021f4881f38efe"
  integrity sha512-tt/54LqNNAqCz++QhxoqB9+XqdsaZOtFD/srEhHYwBd3ZUOepmR1Eeot8bS+Q7BiEvy9vvKbtpHf+r6q8hF5UA==

"@esbuild/linux-loong64@0.21.1":
  version "0.21.1"
  resolved "https://registry.yarnpkg.com/@esbuild/linux-loong64/-/linux-loong64-0.21.1.tgz#44461ea2388efbafa6cf12b2bc1407a5388da066"
  integrity sha512-MhNalK6r0nZD0q8VzUBPwheHzXPr9wronqmZrewLfP7ui9Fv1tdPmg6e7A8lmg0ziQCziSDHxh3cyRt4YMhGnQ==

"@esbuild/linux-mips64el@0.21.1":
  version "0.21.1"
  resolved "https://registry.yarnpkg.com/@esbuild/linux-mips64el/-/linux-mips64el-0.21.1.tgz#754d533a4fef4b0790d82bfe1e82d6876f18370e"
  integrity sha512-YCKVY7Zen5rwZV+nZczOhFmHaeIxR4Zn3jcmNH53LbgF6IKRwmrMywqDrg4SiSNApEefkAbPSIzN39FC8VsxPg==

"@esbuild/linux-ppc64@0.21.1":
  version "0.21.1"
  resolved "https://registry.yarnpkg.com/@esbuild/linux-ppc64/-/linux-ppc64-0.21.1.tgz#2aafcfe2826c7d5d2e3c41eb8934e6368a7cada5"
  integrity sha512-bw7bcQ+270IOzDV4mcsKAnDtAFqKO0jVv3IgRSd8iM0ac3L8amvCrujRVt1ajBTJcpDaFhIX+lCNRKteoDSLig==

"@esbuild/linux-riscv64@0.21.1":
  version "0.21.1"
  resolved "https://registry.yarnpkg.com/@esbuild/linux-riscv64/-/linux-riscv64-0.21.1.tgz#481ceaf5939d14fb25da62a385b5e6c2096a3370"
  integrity sha512-ARmDRNkcOGOm1AqUBSwRVDfDeD9hGYRfkudP2QdoonBz1ucWVnfBPfy7H4JPI14eYtZruRSczJxyu7SRYDVOcg==

"@esbuild/linux-s390x@0.21.1":
  version "0.21.1"
  resolved "https://registry.yarnpkg.com/@esbuild/linux-s390x/-/linux-s390x-0.21.1.tgz#e25b97005e4c82540d1bc7af88e333fb55142570"
  integrity sha512-o73TcUNMuoTZlhwFdsgr8SfQtmMV58sbgq6gQq9G1xUiYnHMTmJbwq65RzMx89l0iya69lR4bxBgtWiiOyDQZA==

"@esbuild/linux-x64@0.21.1":
  version "0.21.1"
  resolved "https://registry.yarnpkg.com/@esbuild/linux-x64/-/linux-x64-0.21.1.tgz#a05a61d0a0cbb03baa6db12cd8164c1e5265ffb2"
  integrity sha512-da4/1mBJwwgJkbj4fMH7SOXq2zapgTo0LKXX1VUZ0Dxr+e8N0WbS80nSZ5+zf3lvpf8qxrkZdqkOqFfm57gXwA==

"@esbuild/netbsd-x64@0.21.1":
  version "0.21.1"
  resolved "https://registry.yarnpkg.com/@esbuild/netbsd-x64/-/netbsd-x64-0.21.1.tgz#e298f854e8999563f2e4668bd542678c46be4b53"
  integrity sha512-CPWs0HTFe5woTJN5eKPvgraUoRHrCtzlYIAv9wBC+FAyagBSaf+UdZrjwYyTGnwPGkThV4OCI7XibZOnPvONVw==

"@esbuild/openbsd-x64@0.21.1":
  version "0.21.1"
  resolved "https://registry.yarnpkg.com/@esbuild/openbsd-x64/-/openbsd-x64-0.21.1.tgz#640d34de1e3c6bc3ff64e0379aae00ede3608f14"
  integrity sha512-xxhTm5QtzNLc24R0hEkcH+zCx/o49AsdFZ0Cy5zSd/5tOj4X2g3/2AJB625NoadUuc4A8B3TenLJoYdWYOYCew==

"@esbuild/sunos-x64@0.21.1":
  version "0.21.1"
  resolved "https://registry.yarnpkg.com/@esbuild/sunos-x64/-/sunos-x64-0.21.1.tgz#f53cb1cdcbf05b3320e147ddb85ec2b1cf2b6cfc"
  integrity sha512-CWibXszpWys1pYmbr9UiKAkX6x+Sxw8HWtw1dRESK1dLW5fFJ6rMDVw0o8MbadusvVQx1a8xuOxnHXT941Hp1A==

"@esbuild/win32-arm64@0.21.1":
  version "0.21.1"
  resolved "https://registry.yarnpkg.com/@esbuild/win32-arm64/-/win32-arm64-0.21.1.tgz#df4f44f9b4fec9598c0ec2c34fec9c568c8ab85d"
  integrity sha512-jb5B4k+xkytGbGUS4T+Z89cQJ9DJ4lozGRSV+hhfmCPpfJ3880O31Q1srPCimm+V6UCbnigqD10EgDNgjvjerQ==

"@esbuild/win32-ia32@0.21.1":
  version "0.21.1"
  resolved "https://registry.yarnpkg.com/@esbuild/win32-ia32/-/win32-ia32-0.21.1.tgz#a57edbd9905db9f957327ae0facfbf406a80a4e4"
  integrity sha512-PgyFvjJhXqHn1uxPhyN1wZ6dIomKjiLUQh1LjFvjiV1JmnkZ/oMPrfeEAZg5R/1ftz4LZWZr02kefNIQ5SKREQ==

"@esbuild/win32-x64@0.21.1":
  version "0.21.1"
  resolved "https://registry.yarnpkg.com/@esbuild/win32-x64/-/win32-x64-0.21.1.tgz#eb86553d90e86a8c174b96650fdb4c60f2de16a7"
  integrity sha512-W9NttRZQR5ehAiqHGDnvfDaGmQOm6Fi4vSlce8mjM75x//XKuVAByohlEX6N17yZnVXxQFuh4fDRunP8ca6bfA==

"@hotwired/stimulus@^3.2.2":
  version "3.2.2"
  resolved "https://registry.yarnpkg.com/@hotwired/stimulus/-/stimulus-3.2.2.tgz#071aab59c600fed95b97939e605ff261a4251608"
  integrity sha512-eGeIqNOQpXoPAIP7tC1+1Yc1yl1xnwYqg+3mzqxyrbE5pg5YFBZcA6YoTiByJB6DKAEsiWtl6tjTJS4IYtbB7A==

"@hotwired/turbo-rails@^8.0.4":
  version "8.0.4"
  resolved "https://registry.yarnpkg.com/@hotwired/turbo-rails/-/turbo-rails-8.0.4.tgz#d224f524a9e33fe687cec5d706054eb6fe13fa5b"
  integrity sha512-GHCv5+B2VzYZZvMFpg/g9JLx/8pl/8chcubSB7T+Xn1zYOMqAKB6cT80vvWUzxdwfm/2KfaRysfDz+BmvtjFaw==
  dependencies:
    "@hotwired/turbo" "^8.0.4"
    "@rails/actioncable" "^7.0"

"@hotwired/turbo@^8.0.4":
  version "8.0.4"
  resolved "https://registry.yarnpkg.com/@hotwired/turbo/-/turbo-8.0.4.tgz#5c5361c06a37cdf10dcba4223f1afd0ca1c75091"
  integrity sha512-mlZEFUZrJnpfj+g/XeCWWuokvQyN68WvM78JM+0jfSFc98wegm259vCbC1zSllcspRwbgXK31ibehCy5PA78/Q==

"@rails/actioncable@^7.0":
  version "7.1.3"
  resolved "https://registry.yarnpkg.com/@rails/actioncable/-/actioncable-7.1.3.tgz#4db480347775aeecd4dde2405659eef74a458881"
  integrity sha512-ojNvnoZtPN0pYvVFtlO7dyEN9Oml1B6IDM+whGKVak69MMYW99lC2NOWXWeE3bmwEydbP/nn6ERcpfjHVjYQjA==

"@rails/request.js@^0.0.9":
  version "0.0.9"
  resolved "https://registry.yarnpkg.com/@rails/request.js/-/request.js-0.0.9.tgz#89e2a575405dc07eb8a9b3d2fe04289e1f057cd0"
  integrity sha512-VleYUyrA3rwKMvYnz7MI9Ada85Vekjb/WVz7NuGgDO24Y3Zy9FFSpDMQW+ea/tlftD+CdX/W/sUosRA9/HkDOQ==

esbuild@^0.21.1:
  version "0.21.1"
  resolved "https://registry.yarnpkg.com/esbuild/-/esbuild-0.21.1.tgz#3d6f199f6ec849158278c6632f438463bab88c38"
  integrity sha512-GPqx+FX7mdqulCeQ4TsGZQ3djBJkx5k7zBGtqt9ycVlWNg8llJ4RO9n2vciu8BN2zAEs6lPbPl0asZsAh7oWzg==
  optionalDependencies:
    "@esbuild/aix-ppc64" "0.21.1"
    "@esbuild/android-arm" "0.21.1"
    "@esbuild/android-arm64" "0.21.1"
    "@esbuild/android-x64" "0.21.1"
    "@esbuild/darwin-arm64" "0.21.1"
    "@esbuild/darwin-x64" "0.21.1"
    "@esbuild/freebsd-arm64" "0.21.1"
    "@esbuild/freebsd-x64" "0.21.1"
    "@esbuild/linux-arm" "0.21.1"
    "@esbuild/linux-arm64" "0.21.1"
    "@esbuild/linux-ia32" "0.21.1"
    "@esbuild/linux-loong64" "0.21.1"
    "@esbuild/linux-mips64el" "0.21.1"
    "@esbuild/linux-ppc64" "0.21.1"
    "@esbuild/linux-riscv64" "0.21.1"
    "@esbuild/linux-s390x" "0.21.1"
    "@esbuild/linux-x64" "0.21.1"
    "@esbuild/netbsd-x64" "0.21.1"
    "@esbuild/openbsd-x64" "0.21.1"
    "@esbuild/sunos-x64" "0.21.1"
    "@esbuild/win32-arm64" "0.21.1"
    "@esbuild/win32-ia32" "0.21.1"
    "@esbuild/win32-x64" "0.21.1"
